
Microsoft Visual Studio Solution File, Format Version 12.00
# Visual Studio Version 16
VisualStudioVersion = 16.0.31624.102
MinimumVisualStudioVersion = 10.0.40219.1
Project("{FAE04EC0-301F-11D3-BF4B-00C04F79EFBC}") = "CMD", "CMD\CMD.csproj", "{1C918E8D-57A8-4CAE-9490-A71DD71427F2}"
EndProject
Global
	GlobalSection(SolutionConfigurationPlatforms) = preSolution
		Debug|Any CPU = Debug|Any CPU
		Release|Any CPU = Release|Any CPU
	EndGlobalSection
	GlobalSection(ProjectConfigurationPlatforms) = postSolution
		{1C918E8D-57A8-4CAE-9490-A71DD71427F2}.Debug|Any CPU.ActiveCfg = Debug|Any CPU
		{1C918E8D-57A8-4CAE-9490-A71DD71427F2}.Debug|Any CPU.Build.0 = Debug|Any CPU
		{1C918E8D-57A8-4CAE-9490-A71DD71427F2}.Release|Any CPU.ActiveCfg = Release|Any CPU
		{1C918E8D-57A8-4CAE-9490-A71DD71427F2}.Release|Any CPU.Build.0 = Release|Any CPU
	EndGlobalSection
	GlobalSection(SolutionProperties) = preSolution
		HideSolutionNode = FALSE
	EndGlobalSection
	GlobalSection(ExtensibilityGlobals) = postSolution
		SolutionGuid = {5E55BB61-FBB2-464D-B540-4A99A286BCC5}
	EndGlobalSection
EndGlobal
